
Microsoft Visual Studio Solution File, Format Version 12.00
# Visual Studio Version 17
VisualStudioVersion = 17.0.31903.59
MinimumVisualStudioVersion = 10.0.40219.1
Project("{2150E333-8FDC-42A3-9474-1A3956D46DE8}") = "Products", "Products", "{4370DC81-B465-4C1C-BBD5-7020B98F6F90}"
EndProject
Project("{FAE04EC0-301F-11D3-BF4B-00C04F79EFBC}") = "Bell.Products", "Bell.Products\Bell.Products.csproj", "{BB088836-7C8E-45D2-A704-CB8B225CAF34}"
EndProject
Project("{2150E333-8FDC-42A3-9474-1A3956D46DE8}") = "Foundation", "Foundation", "{857F2936-D2F9-4EB3-985B-9F301F59BDCE}"
EndProject
Project("{FAE04EC0-301F-11D3-BF4B-00C04F79EFBC}") = "Bell.Core", "Bell.Core\Bell.Core.csproj", "{42EE2FB5-23C0-447F-8F61-038A67879FC8}"
EndProject
Global
	GlobalSection(SolutionConfigurationPlatforms) = preSolution
		Debug|Any CPU = Debug|Any CPU
		Release|Any CPU = Release|Any CPU
	EndGlobalSection
	GlobalSection(SolutionProperties) = preSolution
		HideSolutionNode = FALSE
	EndGlobalSection
	GlobalSection(ProjectConfigurationPlatforms) = postSolution
		{BB088836-7C8E-45D2-A704-CB8B225CAF34}.Debug|Any CPU.ActiveCfg = Debug|Any CPU
		{BB088836-7C8E-45D2-A704-CB8B225CAF34}.Debug|Any CPU.Build.0 = Debug|Any CPU
		{BB088836-7C8E-45D2-A704-CB8B225CAF34}.Release|Any CPU.ActiveCfg = Release|Any CPU
		{BB088836-7C8E-45D2-A704-CB8B225CAF34}.Release|Any CPU.Build.0 = Release|Any CPU
		{42EE2FB5-23C0-447F-8F61-038A67879FC8}.Debug|Any CPU.ActiveCfg = Debug|Any CPU
		{42EE2FB5-23C0-447F-8F61-038A67879FC8}.Debug|Any CPU.Build.0 = Debug|Any CPU
		{42EE2FB5-23C0-447F-8F61-038A67879FC8}.Release|Any CPU.ActiveCfg = Release|Any CPU
		{42EE2FB5-23C0-447F-8F61-038A67879FC8}.Release|Any CPU.Build.0 = Release|Any CPU
	EndGlobalSection
	GlobalSection(NestedProjects) = preSolution
		{42EE2FB5-23C0-447F-8F61-038A67879FC8} = {857F2936-D2F9-4EB3-985B-9F301F59BDCE}
		{BB088836-7C8E-45D2-A704-CB8B225CAF34} = {4370DC81-B465-4C1C-BBD5-7020B98F6F90}
	EndGlobalSection
EndGlobal
