
Microsoft Visual Studio Solution File, Format Version 12.00
# Visual Studio Version 17
VisualStudioVersion = 17.0.31903.59
MinimumVisualStudioVersion = 10.0.40219.1
Project("{2150E333-8FDC-42A3-9474-1A3956D46DE8}") = "Seller", "Seller", "{4370DC81-B465-4C1C-BBD5-7020B98F6F90}"
EndProject
Project("{FAE04EC0-301F-11D3-BF4B-00C04F79EFBC}") = "Bell.Seller", "Bell.Seller\Bell.Seller.csproj", "{BB088836-7C8E-45D2-A704-CB8B225CAF34}"
EndProject
Project("{2150E333-8FDC-42A3-9474-1A3956D46DE8}") = "Foundation", "Foundation", "{857F2936-D2F9-4EB3-985B-9F301F59BDCE}"
EndProject
Project("{FAE04EC0-301F-11D3-BF4B-00C04F79EFBC}") = "Bell.Core", "Bell.Core\Bell.Core.csproj", "{42EE2FB5-23C0-447F-8F61-038A67879FC8}"
EndProject
Project("{FAE04EC0-301F-11D3-BF4B-00C04F79EFBC}") = "Bell.Seller.Specs", "Bell.Seller.Specs\Bell.Seller.Specs.csproj", "{1BE8857C-C069-49FE-A44C-EE3259B70308}"
EndProject
Project("{2150E333-8FDC-42A3-9474-1A3956D46DE8}") = "Customer", "Customer", "{A8ED35CD-1F07-429B-B6D0-0896BCBCEF1F}"
EndProject
Project("{FAE04EC0-301F-11D3-BF4B-00C04F79EFBC}") = "Bell.Customer", "Bell.Customer\Bell.Customer.csproj", "{9E8A08AE-285E-4D01-B1DE-7E713931E55B}"
EndProject
Project("{FAE04EC0-301F-11D3-BF4B-00C04F79EFBC}") = "Bell.Customer.Specs", "Bell.Customer.Specs\Bell.Customer.Specs.csproj", "{7F61B77F-1530-48C2-8053-2105612B83A4}"
EndProject
Project("{2150E333-8FDC-42A3-9474-1A3956D46DE8}") = "Application", "Application", "{0C62DE10-54B8-4430-99E5-FA6993BAF528}"
EndProject
Project("{2150E333-8FDC-42A3-9474-1A3956D46DE8}") = "User", "User", "{8E72CD7B-2DF7-46C2-9B02-1191FDC8F428}"
EndProject
Project("{FAE04EC0-301F-11D3-BF4B-00C04F79EFBC}") = "Bell.User", "Bell.User\Bell.User.csproj", "{0EE7BA30-F272-4261-945D-7C982F5BF835}"
EndProject
Project("{FAE04EC0-301F-11D3-BF4B-00C04F79EFBC}") = "Bell.User.Specs", "Bell.User.Specs\Bell.User.Specs.csproj", "{84A8C296-8B6A-4EEB-9F16-0A1739CD6841}"
EndProject
Global
	GlobalSection(SolutionConfigurationPlatforms) = preSolution
		Debug|Any CPU = Debug|Any CPU
		Release|Any CPU = Release|Any CPU
	EndGlobalSection
	GlobalSection(SolutionProperties) = preSolution
		HideSolutionNode = FALSE
	EndGlobalSection
	GlobalSection(ProjectConfigurationPlatforms) = postSolution
		{BB088836-7C8E-45D2-A704-CB8B225CAF34}.Debug|Any CPU.ActiveCfg = Debug|Any CPU
		{BB088836-7C8E-45D2-A704-CB8B225CAF34}.Debug|Any CPU.Build.0 = Debug|Any CPU
		{BB088836-7C8E-45D2-A704-CB8B225CAF34}.Release|Any CPU.ActiveCfg = Release|Any CPU
		{BB088836-7C8E-45D2-A704-CB8B225CAF34}.Release|Any CPU.Build.0 = Release|Any CPU
		{42EE2FB5-23C0-447F-8F61-038A67879FC8}.Debug|Any CPU.ActiveCfg = Debug|Any CPU
		{42EE2FB5-23C0-447F-8F61-038A67879FC8}.Debug|Any CPU.Build.0 = Debug|Any CPU
		{42EE2FB5-23C0-447F-8F61-038A67879FC8}.Release|Any CPU.ActiveCfg = Release|Any CPU
		{42EE2FB5-23C0-447F-8F61-038A67879FC8}.Release|Any CPU.Build.0 = Release|Any CPU
		{1BE8857C-C069-49FE-A44C-EE3259B70308}.Debug|Any CPU.ActiveCfg = Debug|Any CPU
		{1BE8857C-C069-49FE-A44C-EE3259B70308}.Debug|Any CPU.Build.0 = Debug|Any CPU
		{1BE8857C-C069-49FE-A44C-EE3259B70308}.Release|Any CPU.ActiveCfg = Release|Any CPU
		{1BE8857C-C069-49FE-A44C-EE3259B70308}.Release|Any CPU.Build.0 = Release|Any CPU
		{9E8A08AE-285E-4D01-B1DE-7E713931E55B}.Debug|Any CPU.ActiveCfg = Debug|Any CPU
		{9E8A08AE-285E-4D01-B1DE-7E713931E55B}.Debug|Any CPU.Build.0 = Debug|Any CPU
		{9E8A08AE-285E-4D01-B1DE-7E713931E55B}.Release|Any CPU.ActiveCfg = Release|Any CPU
		{9E8A08AE-285E-4D01-B1DE-7E713931E55B}.Release|Any CPU.Build.0 = Release|Any CPU
		{7F61B77F-1530-48C2-8053-2105612B83A4}.Debug|Any CPU.ActiveCfg = Debug|Any CPU
		{7F61B77F-1530-48C2-8053-2105612B83A4}.Debug|Any CPU.Build.0 = Debug|Any CPU
		{7F61B77F-1530-48C2-8053-2105612B83A4}.Release|Any CPU.ActiveCfg = Release|Any CPU
		{7F61B77F-1530-48C2-8053-2105612B83A4}.Release|Any CPU.Build.0 = Release|Any CPU
		{0EE7BA30-F272-4261-945D-7C982F5BF835}.Debug|Any CPU.ActiveCfg = Debug|Any CPU
		{0EE7BA30-F272-4261-945D-7C982F5BF835}.Debug|Any CPU.Build.0 = Debug|Any CPU
		{0EE7BA30-F272-4261-945D-7C982F5BF835}.Release|Any CPU.ActiveCfg = Release|Any CPU
		{0EE7BA30-F272-4261-945D-7C982F5BF835}.Release|Any CPU.Build.0 = Release|Any CPU
		{84A8C296-8B6A-4EEB-9F16-0A1739CD6841}.Debug|Any CPU.ActiveCfg = Debug|Any CPU
		{84A8C296-8B6A-4EEB-9F16-0A1739CD6841}.Debug|Any CPU.Build.0 = Debug|Any CPU
		{84A8C296-8B6A-4EEB-9F16-0A1739CD6841}.Release|Any CPU.ActiveCfg = Release|Any CPU
		{84A8C296-8B6A-4EEB-9F16-0A1739CD6841}.Release|Any CPU.Build.0 = Release|Any CPU
	EndGlobalSection
	GlobalSection(NestedProjects) = preSolution
		{84A8C296-8B6A-4EEB-9F16-0A1739CD6841} = {8E72CD7B-2DF7-46C2-9B02-1191FDC8F428}
		{0EE7BA30-F272-4261-945D-7C982F5BF835} = {8E72CD7B-2DF7-46C2-9B02-1191FDC8F428}
		{8E72CD7B-2DF7-46C2-9B02-1191FDC8F428} = {0C62DE10-54B8-4430-99E5-FA6993BAF528}
		{857F2936-D2F9-4EB3-985B-9F301F59BDCE} = {0C62DE10-54B8-4430-99E5-FA6993BAF528}
		{4370DC81-B465-4C1C-BBD5-7020B98F6F90} = {0C62DE10-54B8-4430-99E5-FA6993BAF528}
		{A8ED35CD-1F07-429B-B6D0-0896BCBCEF1F} = {0C62DE10-54B8-4430-99E5-FA6993BAF528}
		{7F61B77F-1530-48C2-8053-2105612B83A4} = {A8ED35CD-1F07-429B-B6D0-0896BCBCEF1F}
		{9E8A08AE-285E-4D01-B1DE-7E713931E55B} = {A8ED35CD-1F07-429B-B6D0-0896BCBCEF1F}
		{1BE8857C-C069-49FE-A44C-EE3259B70308} = {4370DC81-B465-4C1C-BBD5-7020B98F6F90}
		{42EE2FB5-23C0-447F-8F61-038A67879FC8} = {857F2936-D2F9-4EB3-985B-9F301F59BDCE}
		{BB088836-7C8E-45D2-A704-CB8B225CAF34} = {4370DC81-B465-4C1C-BBD5-7020B98F6F90}
	EndGlobalSection
EndGlobal
